// !$*UTF8*$!
{
	archiveVersion = 1;
	classes = {
	};
	objectVersion = 46;
	objects = {

/* Begin PBXBuildFile section */
		CD6BBFBA16BC57F0008237D5 /* UIKit.framework in Frameworks */ = {isa = PBXBuildFile; fileRef = CD6BBFB916BC57F0008237D5 /* UIKit.framework */; };
		CD6BBFBC16BC57F0008237D5 /* Foundation.framework in Frameworks */ = {isa = PBXBuildFile; fileRef = CD6BBFBB16BC57F0008237D5 /* Foundation.framework */; };
		CD6BBFBE16BC57F0008237D5 /* CoreGraphics.framework in Frameworks */ = {isa = PBXBuildFile; fileRef = CD6BBFBD16BC57F0008237D5 /* CoreGraphics.framework */; };
		CD6BBFC416BC57F0008237D5 /* InfoPlist.strings in Resources */ = {isa = PBXBuildFile; fileRef = CD6BBFC216BC57F0008237D5 /* InfoPlist.strings */; };
		CD6BBFC616BC57F0008237D5 /* main.m in Sources */ = {isa = PBXBuildFile; fileRef = CD6BBFC516BC57F0008237D5 /* main.m */; };
		CD6BBFCA16BC57F0008237D5 /* AppDelegate.m in Sources */ = {isa = PBXBuildFile; fileRef = CD6BBFC916BC57F0008237D5 /* AppDelegate.m */; };
		CD6BBFCC16BC57F0008237D5 /* Default.png in Resources */ = {isa = PBXBuildFile; fileRef = CD6BBFCB16BC57F0008237D5 /* Default.png */; };
		CD6BBFCE16BC57F0008237D5 /* Default@2x.png in Resources */ = {isa = PBXBuildFile; fileRef = CD6BBFCD16BC57F0008237D5 /* Default@2x.png */; };
		CD6BBFD016BC57F0008237D5 /* Default-568h@2x.png in Resources */ = {isa = PBXBuildFile; fileRef = CD6BBFCF16BC57F0008237D5 /* Default-568h@2x.png */; };
		CD6BBFD316BC57F0008237D5 /* ViewController.m in Sources */ = {isa = PBXBuildFile; fileRef = CD6BBFD216BC57F0008237D5 /* ViewController.m */; };
		CD6BBFD616BC57F0008237D5 /* ViewController_iPhone.xib in Resources */ = {isa = PBXBuildFile; fileRef = CD6BBFD416BC57F0008237D5 /* ViewController_iPhone.xib */; };
		CD6BBFD916BC57F0008237D5 /* ViewController_iPad.xib in Resources */ = {isa = PBXBuildFile; fileRef = CD6BBFD716BC57F0008237D5 /* ViewController_iPad.xib */; };
/* End PBXBuildFile section */

/* Begin PBXFileReference section */
		CD6BBFB616BC57F0008237D5 /* icloudexampleplist.app */ = {isa = PBXFileReference; explicitFileType = wrapper.application; includeInIndex = 0; path = icloudexampleplist.app; sourceTree = BUILT_PRODUCTS_DIR; };
		CD6BBFB916BC57F0008237D5 /* UIKit.framework */ = {isa = PBXFileReference; lastKnownFileType = wrapper.framework; name = UIKit.framework; path = System/Library/Frameworks/UIKit.framework; sourceTree = SDKROOT; };
		CD6BBFBB16BC57F0008237D5 /* Foundation.framework */ = {isa = PBXFileReference; lastKnownFileType = wrapper.framework; name = Foundation.framework; path = System/Library/Frameworks/Foundation.framework; sourceTree = SDKROOT; };
		CD6BBFBD16BC57F0008237D5 /* CoreGraphics.framework */ = {isa = PBXFileReference; lastKnownFileType = wrapper.framework; name = CoreGraphics.framework; path = System/Library/Frameworks/CoreGraphics.framework; sourceTree = SDKROOT; };
		CD6BBFC116BC57F0008237D5 /* icloudexampleplist-Info.plist */ = {isa = PBXFileReference; lastKnownFileType = text.plist.xml; path = "icloudexampleplist-Info.plist"; sourceTree = "<group>"; };
		CD6BBFC316BC57F0008237D5 /* en */ = {isa = PBXFileReference; lastKnownFileType = text.plist.strings; name = en; path = en.lproj/InfoPlist.strings; sourceTree = "<group>"; };
		CD6BBFC516BC57F0008237D5 /* main.m */ = {isa = PBXFileReference; lastKnownFileType = sourcecode.c.objc; path = main.m; sourceTree = "<group>"; };
		CD6BBFC716BC57F0008237D5 /* icloudexampleplist-Prefix.pch */ = {isa = PBXFileReference; lastKnownFileType = sourcecode.c.h; path = "icloudexampleplist-Prefix.pch"; sourceTree = "<group>"; };
		CD6BBFC816BC57F0008237D5 /* AppDelegate.h */ = {isa = PBXFileReference; lastKnownFileType = sourcecode.c.h; path = AppDelegate.h; sourceTree = "<group>"; };
		CD6BBFC916BC57F0008237D5 /* AppDelegate.m */ = {isa = PBXFileReference; lastKnownFileType = sourcecode.c.objc; path = AppDelegate.m; sourceTree = "<group>"; };
		CD6BBFCB16BC57F0008237D5 /* Default.png */ = {isa = PBXFileReference; lastKnownFileType = image.png; path = Default.png; sourceTree = "<group>"; };
		CD6BBFCD16BC57F0008237D5 /* Default@2x.png */ = {isa = PBXFileReference; lastKnownFileType = image.png; path = "Default@2x.png"; sourceTree = "<group>"; };
		CD6BBFCF16BC57F0008237D5 /* Default-568h@2x.png */ = {isa = PBXFileReference; lastKnownFileType = image.png; path = "Default-568h@2x.png"; sourceTree = "<group>"; };
		CD6BBFD116BC57F0008237D5 /* ViewController.h */ = {isa = PBXFileReference; lastKnownFileType = sourcecode.c.h; path = ViewController.h; sourceTree = "<group>"; };
		CD6BBFD216BC57F0008237D5 /* ViewController.m */ = {isa = PBXFileReference; lastKnownFileType = sourcecode.c.objc; path = ViewController.m; sourceTree = "<group>"; };
		CD6BBFD516BC57F0008237D5 /* en */ = {isa = PBXFileReference; lastKnownFileType = file.xib; name = en; path = en.lproj/ViewController_iPhone.xib; sourceTree = "<group>"; };
		CD6BBFD816BC57F0008237D5 /* en */ = {isa = PBXFileReference; lastKnownFileType = file.xib; name = en; path = en.lproj/ViewController_iPad.xib; sourceTree = "<group>"; };
		CD6BBFDF16BC57FA008237D5 /* icloudexampleplist.entitlements */ = {isa = PBXFileReference; lastKnownFileType = text.xml; path = icloudexampleplist.entitlements; sourceTree = "<group>"; };
/* End PBXFileReference section */

/* Begin PBXFrameworksBuildPhase section */
		CD6BBFB316BC57F0008237D5 /* Frameworks */ = {
			isa = PBXFrameworksBuildPhase;
			buildActionMask = 2147483647;
			files = (
				CD6BBFBA16BC57F0008237D5 /* UIKit.framework in Frameworks */,
				CD6BBFBC16BC57F0008237D5 /* Foundation.framework in Frameworks */,
				CD6BBFBE16BC57F0008237D5 /* CoreGraphics.framework in Frameworks */,
			);
			runOnlyForDeploymentPostprocessing = 0;
		};
/* End PBXFrameworksBuildPhase section */

/* Begin PBXGroup section */
		CD6BBFAD16BC57F0008237D5 = {
			isa = PBXGroup;
			children = (
				CD6BBFBF16BC57F0008237D5 /* icloudexampleplist */,
				CD6BBFB816BC57F0008237D5 /* Frameworks */,
				CD6BBFB716BC57F0008237D5 /* Products */,
			);
			sourceTree = "<group>";
		};
		CD6BBFB716BC57F0008237D5 /* Products */ = {
			isa = PBXGroup;
			children = (
				CD6BBFB616BC57F0008237D5 /* icloudexampleplist.app */,
			);
			name = Products;
			sourceTree = "<group>";
		};
		CD6BBFB816BC57F0008237D5 /* Frameworks */ = {
			isa = PBXGroup;
			children = (
				CD6BBFB916BC57F0008237D5 /* UIKit.framework */,
				CD6BBFBB16BC57F0008237D5 /* Foundation.framework */,
				CD6BBFBD16BC57F0008237D5 /* CoreGraphics.framework */,
			);
			name = Frameworks;
			sourceTree = "<group>";
		};
		CD6BBFBF16BC57F0008237D5 /* icloudexampleplist */ = {
			isa = PBXGroup;
			children = (
				CD6BBFDF16BC57FA008237D5 /* icloudexampleplist.entitlements */,
				CD6BBFC816BC57F0008237D5 /* AppDelegate.h */,
				CD6BBFC916BC57F0008237D5 /* AppDelegate.m */,
				CD6BBFD116BC57F0008237D5 /* ViewController.h */,
				CD6BBFD216BC57F0008237D5 /* ViewController.m */,
				CD6BBFD416BC57F0008237D5 /* ViewController_iPhone.xib */,
				CD6BBFD716BC57F0008237D5 /* ViewController_iPad.xib */,
				CD6BBFC016BC57F0008237D5 /* Supporting Files */,
			);
			path = icloudexampleplist;
			sourceTree = "<group>";
		};
		CD6BBFC016BC57F0008237D5 /* Supporting Files */ = {
			isa = PBXGroup;
			children = (
				CD6BBFC116BC57F0008237D5 /* icloudexampleplist-Info.plist */,
				CD6BBFC216BC57F0008237D5 /* InfoPlist.strings */,
				CD6BBFC516BC57F0008237D5 /* main.m */,
				CD6BBFC716BC57F0008237D5 /* icloudexampleplist-Prefix.pch */,
				CD6BBFCB16BC57F0008237D5 /* Default.png */,
				CD6BBFCD16BC57F0008237D5 /* Default@2x.png */,
				CD6BBFCF16BC57F0008237D5 /* Default-568h@2x.png */,
			);
			name = "Supporting Files";
			sourceTree = "<group>";
		};
/* End PBXGroup section */

/* Begin PBXNativeTarget section */
		CD6BBFB516BC57F0008237D5 /* icloudexampleplist */ = {
			isa = PBXNativeTarget;
			buildConfigurationList = CD6BBFDC16BC57F0008237D5 /* Build configuration list for PBXNativeTarget "icloudexampleplist" */;
			buildPhases = (
				CD6BBFB216BC57F0008237D5 /* Sources */,
				CD6BBFB316BC57F0008237D5 /* Frameworks */,
				CD6BBFB416BC57F0008237D5 /* Resources */,
			);
			buildRules = (
			);
			dependencies = (
			);
			name = icloudexampleplist;
			productName = icloudexampleplist;
			productReference = CD6BBFB616BC57F0008237D5 /* icloudexampleplist.app */;
			productType = "com.apple.product-type.application";
		};
/* End PBXNativeTarget section */

/* Begin PBXProject section */
		CD6BBFAE16BC57F0008237D5 /* Project object */ = {
			isa = PBXProject;
			attributes = {
				LastUpgradeCheck = 0460;
				ORGANIZATIONNAME = "Patrick Steiner";
			};
			buildConfigurationList = CD6BBFB116BC57F0008237D5 /* Build configuration list for PBXProject "icloudexampleplist" */;
			compatibilityVersion = "Xcode 3.2";
			developmentRegion = English;
			hasScannedForEncodings = 0;
			knownRegions = (
				en,
			);
			mainGroup = CD6BBFAD16BC57F0008237D5;
			productRefGroup = CD6BBFB716BC57F0008237D5 /* Products */;
			projectDirPath = "";
			projectRoot = "";
			targets = (
				CD6BBFB516BC57F0008237D5 /* icloudexampleplist */,
			);
		};
/* End PBXProject section */

/* Begin PBXResourcesBuildPhase section */
		CD6BBFB416BC57F0008237D5 /* Resources */ = {
			isa = PBXResourcesBuildPhase;
			buildActionMask = 2147483647;
			files = (
				CD6BBFC416BC57F0008237D5 /* InfoPlist.strings in Resources */,
				CD6BBFCC16BC57F0008237D5 /* Default.png in Resources */,
				CD6BBFCE16BC57F0008237D5 /* Default@2x.png in Resources */,
				CD6BBFD016BC57F0008237D5 /* Default-568h@2x.png in Resources */,
				CD6BBFD616BC57F0008237D5 /* ViewController_iPhone.xib in Resources */,
				CD6BBFD916BC57F0008237D5 /* ViewController_iPad.xib in Resources */,
			);
			runOnlyForDeploymentPostprocessing = 0;
		};
/* End PBXResourcesBuildPhase section */

/* Begin PBXSourcesBuildPhase section */
		CD6BBFB216BC57F0008237D5 /* Sources */ = {
			isa = PBXSourcesBuildPhase;
			buildActionMask = 2147483647;
			files = (
				CD6BBFC616BC57F0008237D5 /* main.m in Sources */,
				CD6BBFCA16BC57F0008237D5 /* AppDelegate.m in Sources */,
				CD6BBFD316BC57F0008237D5 /* ViewController.m in Sources */,
			);
			runOnlyForDeploymentPostprocessing = 0;
		};
/* End PBXSourcesBuildPhase section */

/* Begin PBXVariantGroup section */
		CD6BBFC216BC57F0008237D5 /* InfoPlist.strings */ = {
			isa = PBXVariantGroup;
			children = (
				CD6BBFC316BC57F0008237D5 /* en */,
			);
			name = InfoPlist.strings;
			sourceTree = "<group>";
		};
		CD6BBFD416BC57F0008237D5 /* ViewController_iPhone.xib */ = {
			isa = PBXVariantGroup;
			children = (
				CD6BBFD516BC57F0008237D5 /* en */,
			);
			name = ViewController_iPhone.xib;
			sourceTree = "<group>";
		};
		CD6BBFD716BC57F0008237D5 /* ViewController_iPad.xib */ = {
			isa = PBXVariantGroup;
			children = (
				CD6BBFD816BC57F0008237D5 /* en */,
			);
			name = ViewController_iPad.xib;
			sourceTree = "<group>";
		};
/* End PBXVariantGroup section */

/* Begin XCBuildConfiguration section */
		CD6BBFDA16BC57F0008237D5 /* Debug */ = {
			isa = XCBuildConfiguration;
			buildSettings = {
				ALWAYS_SEARCH_USER_PATHS = NO;
				CLANG_CXX_LANGUAGE_STANDARD = "gnu++0x";
				CLANG_CXX_LIBRARY = "libc++";
				CLANG_ENABLE_OBJC_ARC = YES;
				CLANG_WARN_CONSTANT_CONVERSION = YES;
				CLANG_WARN_EMPTY_BODY = YES;
				CLANG_WARN_ENUM_CONVERSION = YES;
				CLANG_WARN_INT_CONVERSION = YES;
				CLANG_WARN__DUPLICATE_METHOD_MATCH = YES;
				"CODE_SIGN_IDENTITY[sdk=iphoneos*]" = "iPhone Developer";
				COPY_PHASE_STRIP = NO;
				GCC_C_LANGUAGE_STANDARD = gnu99;
				GCC_DYNAMIC_NO_PIC = NO;
				GCC_OPTIMIZATION_LEVEL = 0;
				GCC_PREPROCESSOR_DEFINITIONS = (
					"DEBUG=1",
					"$(inherited)",
				);
				GCC_SYMBOLS_PRIVATE_EXTERN = NO;
				GCC_WARN_ABOUT_RETURN_TYPE = YES;
				GCC_WARN_UNINITIALIZED_AUTOS = YES;
				GCC_WARN_UNUSED_VARIABLE = YES;
				IPHONEOS_DEPLOYMENT_TARGET = 6.1;
				ONLY_ACTIVE_ARCH = YES;
				SDKROOT = iphoneos;
				TARGETED_DEVICE_FAMILY = "1,2";
			};
			name = Debug;
		};
		CD6BBFDB16BC57F0008237D5 /* Release */ = {
			isa = XCBuildConfiguration;
			buildSettings = {
				ALWAYS_SEARCH_USER_PATHS = NO;
				CLANG_CXX_LANGUAGE_STANDARD = "gnu++0x";
				CLANG_CXX_LIBRARY = "libc++";
				CLANG_ENABLE_OBJC_ARC = YES;
				CLANG_WARN_CONSTANT_CONVERSION = YES;
				CLANG_WARN_EMPTY_BODY = YES;
				CLANG_WARN_ENUM_CONVERSION = YES;
				CLANG_WARN_INT_CONVERSION = YES;
				CLANG_WARN__DUPLICATE_METHOD_MATCH = YES;
				"CODE_SIGN_IDENTITY[sdk=iphoneos*]" = "iPhone Developer";
				COPY_PHASE_STRIP = YES;
				GCC_C_LANGUAGE_STANDARD = gnu99;
				GCC_WARN_ABOUT_RETURN_TYPE = YES;
				GCC_WARN_UNINITIALIZED_AUTOS = YES;
				GCC_WARN_UNUSED_VARIABLE = YES;
				IPHONEOS_DEPLOYMENT_TARGET = 6.1;
				OTHER_CFLAGS = "-DNS_BLOCK_ASSERTIONS=1";
				SDKROOT = iphoneos;
				TARGETED_DEVICE_FAMILY = "1,2";
				VALIDATE_PRODUCT = YES;
			};
			name = Release;
		};
		CD6BBFDD16BC57F0008237D5 /* Debug */ = {
			isa = XCBuildConfiguration;
			buildSettings = {
				CODE_SIGN_ENTITLEMENTS = icloudexampleplist/icloudexampleplist.entitlements;
				GCC_PRECOMPILE_PREFIX_HEADER = YES;
				GCC_PREFIX_HEADER = "icloudexampleplist/icloudexampleplist-Prefix.pch";
				INFOPLIST_FILE = "icloudexampleplist/icloudexampleplist-Info.plist";
				PRODUCT_NAME = "$(TARGET_NAME)";
				WRAPPER_EXTENSION = app;
			};
			name = Debug;
		};
		CD6BBFDE16BC57F0008237D5 /* Release */ = {
			isa = XCBuildConfiguration;
			buildSettings = {
				CODE_SIGN_ENTITLEMENTS = icloudexampleplist/icloudexampleplist.entitlements;
				GCC_PRECOMPILE_PREFIX_HEADER = YES;
				GCC_PREFIX_HEADER = "icloudexampleplist/icloudexampleplist-Prefix.pch";
				INFOPLIST_FILE = "icloudexampleplist/icloudexampleplist-Info.plist";
				PRODUCT_NAME = "$(TARGET_NAME)";
				WRAPPER_EXTENSION = app;
			};
			name = Release;
		};
/* End XCBuildConfiguration section */

/* Begin XCConfigurationList section */
		CD6BBFB116BC57F0008237D5 /* Build configuration list for PBXProject "icloudexampleplist" */ = {
			isa = XCConfigurationList;
			buildConfigurations = (
				CD6BBFDA16BC57F0008237D5 /* Debug */,
				CD6BBFDB16BC57F0008237D5 /* Release */,
			);
			defaultConfigurationIsVisible = 0;
			defaultConfigurationName = Release;
		};
		CD6BBFDC16BC57F0008237D5 /* Build configuration list for PBXNativeTarget "icloudexampleplist" */ = {
			isa = XCConfigurationList;
			buildConfigurations = (
				CD6BBFDD16BC57F0008237D5 /* Debug */,
				CD6BBFDE16BC57F0008237D5 /* Release */,
			);
			defaultConfigurationIsVisible = 0;
			defaultConfigurationName = Release;
		};
/* End XCConfigurationList section */
	};
	rootObject = CD6BBFAE16BC57F0008237D5 /* Project object */;
}
