// !$*UTF8*$!
{
	archiveVersion = 1;
	classes = {
	};
	objectVersion = 46;
	objects = {

/* Begin PBXBuildFile section */
		CDAD2CD316BBC52D0081F229 /* UIKit.framework in Frameworks */ = {isa = PBXBuildFile; fileRef = CDAD2CD216BBC52D0081F229 /* UIKit.framework */; };
		CDAD2CD516BBC52D0081F229 /* Foundation.framework in Frameworks */ = {isa = PBXBuildFile; fileRef = CDAD2CD416BBC52D0081F229 /* Foundation.framework */; };
		CDAD2CD716BBC52D0081F229 /* CoreGraphics.framework in Frameworks */ = {isa = PBXBuildFile; fileRef = CDAD2CD616BBC52D0081F229 /* CoreGraphics.framework */; };
		CDAD2CDD16BBC52D0081F229 /* InfoPlist.strings in Resources */ = {isa = PBXBuildFile; fileRef = CDAD2CDB16BBC52D0081F229 /* InfoPlist.strings */; };
		CDAD2CDF16BBC52D0081F229 /* main.m in Sources */ = {isa = PBXBuildFile; fileRef = CDAD2CDE16BBC52D0081F229 /* main.m */; };
		CDAD2CE316BBC52D0081F229 /* AppDelegate.m in Sources */ = {isa = PBXBuildFile; fileRef = CDAD2CE216BBC52D0081F229 /* AppDelegate.m */; };
		CDAD2CE516BBC52D0081F229 /* Default.png in Resources */ = {isa = PBXBuildFile; fileRef = CDAD2CE416BBC52D0081F229 /* Default.png */; };
		CDAD2CE716BBC52E0081F229 /* Default@2x.png in Resources */ = {isa = PBXBuildFile; fileRef = CDAD2CE616BBC52E0081F229 /* Default@2x.png */; };
		CDAD2CE916BBC52E0081F229 /* Default-568h@2x.png in Resources */ = {isa = PBXBuildFile; fileRef = CDAD2CE816BBC52E0081F229 /* Default-568h@2x.png */; };
		CDAD2CEC16BBC52E0081F229 /* ViewController.m in Sources */ = {isa = PBXBuildFile; fileRef = CDAD2CEB16BBC52E0081F229 /* ViewController.m */; };
		CDAD2CEF16BBC52E0081F229 /* ViewController_iPhone.xib in Resources */ = {isa = PBXBuildFile; fileRef = CDAD2CED16BBC52E0081F229 /* ViewController_iPhone.xib */; };
		CDAD2CF216BBC52E0081F229 /* ViewController_iPad.xib in Resources */ = {isa = PBXBuildFile; fileRef = CDAD2CF016BBC52E0081F229 /* ViewController_iPad.xib */; };
/* End PBXBuildFile section */

/* Begin PBXFileReference section */
		CDAD2CCF16BBC52D0081F229 /* icloud-example-plist.app */ = {isa = PBXFileReference; explicitFileType = wrapper.application; includeInIndex = 0; path = "icloud-example-plist.app"; sourceTree = BUILT_PRODUCTS_DIR; };
		CDAD2CD216BBC52D0081F229 /* UIKit.framework */ = {isa = PBXFileReference; lastKnownFileType = wrapper.framework; name = UIKit.framework; path = System/Library/Frameworks/UIKit.framework; sourceTree = SDKROOT; };
		CDAD2CD416BBC52D0081F229 /* Foundation.framework */ = {isa = PBXFileReference; lastKnownFileType = wrapper.framework; name = Foundation.framework; path = System/Library/Frameworks/Foundation.framework; sourceTree = SDKROOT; };
		CDAD2CD616BBC52D0081F229 /* CoreGraphics.framework */ = {isa = PBXFileReference; lastKnownFileType = wrapper.framework; name = CoreGraphics.framework; path = System/Library/Frameworks/CoreGraphics.framework; sourceTree = SDKROOT; };
		CDAD2CDA16BBC52D0081F229 /* icloud-example-plist-Info.plist */ = {isa = PBXFileReference; lastKnownFileType = text.plist.xml; path = "icloud-example-plist-Info.plist"; sourceTree = "<group>"; };
		CDAD2CDC16BBC52D0081F229 /* en */ = {isa = PBXFileReference; lastKnownFileType = text.plist.strings; name = en; path = en.lproj/InfoPlist.strings; sourceTree = "<group>"; };
		CDAD2CDE16BBC52D0081F229 /* main.m */ = {isa = PBXFileReference; lastKnownFileType = sourcecode.c.objc; path = main.m; sourceTree = "<group>"; };
		CDAD2CE016BBC52D0081F229 /* icloud-example-plist-Prefix.pch */ = {isa = PBXFileReference; lastKnownFileType = sourcecode.c.h; path = "icloud-example-plist-Prefix.pch"; sourceTree = "<group>"; };
		CDAD2CE116BBC52D0081F229 /* AppDelegate.h */ = {isa = PBXFileReference; lastKnownFileType = sourcecode.c.h; path = AppDelegate.h; sourceTree = "<group>"; };
		CDAD2CE216BBC52D0081F229 /* AppDelegate.m */ = {isa = PBXFileReference; lastKnownFileType = sourcecode.c.objc; path = AppDelegate.m; sourceTree = "<group>"; };
		CDAD2CE416BBC52D0081F229 /* Default.png */ = {isa = PBXFileReference; lastKnownFileType = image.png; path = Default.png; sourceTree = "<group>"; };
		CDAD2CE616BBC52E0081F229 /* Default@2x.png */ = {isa = PBXFileReference; lastKnownFileType = image.png; path = "Default@2x.png"; sourceTree = "<group>"; };
		CDAD2CE816BBC52E0081F229 /* Default-568h@2x.png */ = {isa = PBXFileReference; lastKnownFileType = image.png; path = "Default-568h@2x.png"; sourceTree = "<group>"; };
		CDAD2CEA16BBC52E0081F229 /* ViewController.h */ = {isa = PBXFileReference; lastKnownFileType = sourcecode.c.h; path = ViewController.h; sourceTree = "<group>"; };
		CDAD2CEB16BBC52E0081F229 /* ViewController.m */ = {isa = PBXFileReference; lastKnownFileType = sourcecode.c.objc; path = ViewController.m; sourceTree = "<group>"; };
		CDAD2CEE16BBC52E0081F229 /* en */ = {isa = PBXFileReference; lastKnownFileType = file.xib; name = en; path = en.lproj/ViewController_iPhone.xib; sourceTree = "<group>"; };
		CDAD2CF116BBC52E0081F229 /* en */ = {isa = PBXFileReference; lastKnownFileType = file.xib; name = en; path = en.lproj/ViewController_iPad.xib; sourceTree = "<group>"; };
/* End PBXFileReference section */

/* Begin PBXFrameworksBuildPhase section */
		CDAD2CCC16BBC52D0081F229 /* Frameworks */ = {
			isa = PBXFrameworksBuildPhase;
			buildActionMask = 2147483647;
			files = (
				CDAD2CD316BBC52D0081F229 /* UIKit.framework in Frameworks */,
				CDAD2CD516BBC52D0081F229 /* Foundation.framework in Frameworks */,
				CDAD2CD716BBC52D0081F229 /* CoreGraphics.framework in Frameworks */,
			);
			runOnlyForDeploymentPostprocessing = 0;
		};
/* End PBXFrameworksBuildPhase section */

/* Begin PBXGroup section */
		CDAD2CC616BBC52D0081F229 = {
			isa = PBXGroup;
			children = (
				CDAD2CD816BBC52D0081F229 /* icloud-example-plist */,
				CDAD2CD116BBC52D0081F229 /* Frameworks */,
				CDAD2CD016BBC52D0081F229 /* Products */,
			);
			sourceTree = "<group>";
		};
		CDAD2CD016BBC52D0081F229 /* Products */ = {
			isa = PBXGroup;
			children = (
				CDAD2CCF16BBC52D0081F229 /* icloud-example-plist.app */,
			);
			name = Products;
			sourceTree = "<group>";
		};
		CDAD2CD116BBC52D0081F229 /* Frameworks */ = {
			isa = PBXGroup;
			children = (
				CDAD2CD216BBC52D0081F229 /* UIKit.framework */,
				CDAD2CD416BBC52D0081F229 /* Foundation.framework */,
				CDAD2CD616BBC52D0081F229 /* CoreGraphics.framework */,
			);
			name = Frameworks;
			sourceTree = "<group>";
		};
		CDAD2CD816BBC52D0081F229 /* icloud-example-plist */ = {
			isa = PBXGroup;
			children = (
				CDAD2CE116BBC52D0081F229 /* AppDelegate.h */,
				CDAD2CE216BBC52D0081F229 /* AppDelegate.m */,
				CDAD2CEA16BBC52E0081F229 /* ViewController.h */,
				CDAD2CEB16BBC52E0081F229 /* ViewController.m */,
				CDAD2CED16BBC52E0081F229 /* ViewController_iPhone.xib */,
				CDAD2CF016BBC52E0081F229 /* ViewController_iPad.xib */,
				CDAD2CD916BBC52D0081F229 /* Supporting Files */,
			);
			path = "icloud-example-plist";
			sourceTree = "<group>";
		};
		CDAD2CD916BBC52D0081F229 /* Supporting Files */ = {
			isa = PBXGroup;
			children = (
				CDAD2CDA16BBC52D0081F229 /* icloud-example-plist-Info.plist */,
				CDAD2CDB16BBC52D0081F229 /* InfoPlist.strings */,
				CDAD2CDE16BBC52D0081F229 /* main.m */,
				CDAD2CE016BBC52D0081F229 /* icloud-example-plist-Prefix.pch */,
				CDAD2CE416BBC52D0081F229 /* Default.png */,
				CDAD2CE616BBC52E0081F229 /* Default@2x.png */,
				CDAD2CE816BBC52E0081F229 /* Default-568h@2x.png */,
			);
			name = "Supporting Files";
			sourceTree = "<group>";
		};
/* End PBXGroup section */

/* Begin PBXNativeTarget section */
		CDAD2CCE16BBC52D0081F229 /* icloud-example-plist */ = {
			isa = PBXNativeTarget;
			buildConfigurationList = CDAD2CF516BBC52E0081F229 /* Build configuration list for PBXNativeTarget "icloud-example-plist" */;
			buildPhases = (
				CDAD2CCB16BBC52D0081F229 /* Sources */,
				CDAD2CCC16BBC52D0081F229 /* Frameworks */,
				CDAD2CCD16BBC52D0081F229 /* Resources */,
			);
			buildRules = (
			);
			dependencies = (
			);
			name = "icloud-example-plist";
			productName = "icloud-example-plist";
			productReference = CDAD2CCF16BBC52D0081F229 /* icloud-example-plist.app */;
			productType = "com.apple.product-type.application";
		};
/* End PBXNativeTarget section */

/* Begin PBXProject section */
		CDAD2CC716BBC52D0081F229 /* Project object */ = {
			isa = PBXProject;
			attributes = {
				LastUpgradeCheck = 0460;
				ORGANIZATIONNAME = "Patrick Steiner";
			};
			buildConfigurationList = CDAD2CCA16BBC52D0081F229 /* Build configuration list for PBXProject "icloud-example-plist" */;
			compatibilityVersion = "Xcode 3.2";
			developmentRegion = English;
			hasScannedForEncodings = 0;
			knownRegions = (
				en,
			);
			mainGroup = CDAD2CC616BBC52D0081F229;
			productRefGroup = CDAD2CD016BBC52D0081F229 /* Products */;
			projectDirPath = "";
			projectRoot = "";
			targets = (
				CDAD2CCE16BBC52D0081F229 /* icloud-example-plist */,
			);
		};
/* End PBXProject section */

/* Begin PBXResourcesBuildPhase section */
		CDAD2CCD16BBC52D0081F229 /* Resources */ = {
			isa = PBXResourcesBuildPhase;
			buildActionMask = 2147483647;
			files = (
				CDAD2CDD16BBC52D0081F229 /* InfoPlist.strings in Resources */,
				CDAD2CE516BBC52D0081F229 /* Default.png in Resources */,
				CDAD2CE716BBC52E0081F229 /* Default@2x.png in Resources */,
				CDAD2CE916BBC52E0081F229 /* Default-568h@2x.png in Resources */,
				CDAD2CEF16BBC52E0081F229 /* ViewController_iPhone.xib in Resources */,
				CDAD2CF216BBC52E0081F229 /* ViewController_iPad.xib in Resources */,
			);
			runOnlyForDeploymentPostprocessing = 0;
		};
/* End PBXResourcesBuildPhase section */

/* Begin PBXSourcesBuildPhase section */
		CDAD2CCB16BBC52D0081F229 /* Sources */ = {
			isa = PBXSourcesBuildPhase;
			buildActionMask = 2147483647;
			files = (
				CDAD2CDF16BBC52D0081F229 /* main.m in Sources */,
				CDAD2CE316BBC52D0081F229 /* AppDelegate.m in Sources */,
				CDAD2CEC16BBC52E0081F229 /* ViewController.m in Sources */,
			);
			runOnlyForDeploymentPostprocessing = 0;
		};
/* End PBXSourcesBuildPhase section */

/* Begin PBXVariantGroup section */
		CDAD2CDB16BBC52D0081F229 /* InfoPlist.strings */ = {
			isa = PBXVariantGroup;
			children = (
				CDAD2CDC16BBC52D0081F229 /* en */,
			);
			name = InfoPlist.strings;
			sourceTree = "<group>";
		};
		CDAD2CED16BBC52E0081F229 /* ViewController_iPhone.xib */ = {
			isa = PBXVariantGroup;
			children = (
				CDAD2CEE16BBC52E0081F229 /* en */,
			);
			name = ViewController_iPhone.xib;
			sourceTree = "<group>";
		};
		CDAD2CF016BBC52E0081F229 /* ViewController_iPad.xib */ = {
			isa = PBXVariantGroup;
			children = (
				CDAD2CF116BBC52E0081F229 /* en */,
			);
			name = ViewController_iPad.xib;
			sourceTree = "<group>";
		};
/* End PBXVariantGroup section */

/* Begin XCBuildConfiguration section */
		CDAD2CF316BBC52E0081F229 /* Debug */ = {
			isa = XCBuildConfiguration;
			buildSettings = {
				ALWAYS_SEARCH_USER_PATHS = NO;
				CLANG_CXX_LANGUAGE_STANDARD = "gnu++0x";
				CLANG_CXX_LIBRARY = "libc++";
				CLANG_ENABLE_OBJC_ARC = YES;
				CLANG_WARN_CONSTANT_CONVERSION = YES;
				CLANG_WARN_EMPTY_BODY = YES;
				CLANG_WARN_ENUM_CONVERSION = YES;
				CLANG_WARN_INT_CONVERSION = YES;
				CLANG_WARN__DUPLICATE_METHOD_MATCH = YES;
				"CODE_SIGN_IDENTITY[sdk=iphoneos*]" = "iPhone Developer";
				COPY_PHASE_STRIP = NO;
				GCC_C_LANGUAGE_STANDARD = gnu99;
				GCC_DYNAMIC_NO_PIC = NO;
				GCC_OPTIMIZATION_LEVEL = 0;
				GCC_PREPROCESSOR_DEFINITIONS = (
					"DEBUG=1",
					"$(inherited)",
				);
				GCC_SYMBOLS_PRIVATE_EXTERN = NO;
				GCC_WARN_ABOUT_RETURN_TYPE = YES;
				GCC_WARN_UNINITIALIZED_AUTOS = YES;
				GCC_WARN_UNUSED_VARIABLE = YES;
				IPHONEOS_DEPLOYMENT_TARGET = 6.1;
				ONLY_ACTIVE_ARCH = YES;
				SDKROOT = iphoneos;
				TARGETED_DEVICE_FAMILY = "1,2";
			};
			name = Debug;
		};
		CDAD2CF416BBC52E0081F229 /* Release */ = {
			isa = XCBuildConfiguration;
			buildSettings = {
				ALWAYS_SEARCH_USER_PATHS = NO;
				CLANG_CXX_LANGUAGE_STANDARD = "gnu++0x";
				CLANG_CXX_LIBRARY = "libc++";
				CLANG_ENABLE_OBJC_ARC = YES;
				CLANG_WARN_CONSTANT_CONVERSION = YES;
				CLANG_WARN_EMPTY_BODY = YES;
				CLANG_WARN_ENUM_CONVERSION = YES;
				CLANG_WARN_INT_CONVERSION = YES;
				CLANG_WARN__DUPLICATE_METHOD_MATCH = YES;
				"CODE_SIGN_IDENTITY[sdk=iphoneos*]" = "iPhone Developer";
				COPY_PHASE_STRIP = YES;
				GCC_C_LANGUAGE_STANDARD = gnu99;
				GCC_WARN_ABOUT_RETURN_TYPE = YES;
				GCC_WARN_UNINITIALIZED_AUTOS = YES;
				GCC_WARN_UNUSED_VARIABLE = YES;
				IPHONEOS_DEPLOYMENT_TARGET = 6.1;
				OTHER_CFLAGS = "-DNS_BLOCK_ASSERTIONS=1";
				SDKROOT = iphoneos;
				TARGETED_DEVICE_FAMILY = "1,2";
				VALIDATE_PRODUCT = YES;
			};
			name = Release;
		};
		CDAD2CF616BBC52E0081F229 /* Debug */ = {
			isa = XCBuildConfiguration;
			buildSettings = {
				GCC_PRECOMPILE_PREFIX_HEADER = YES;
				GCC_PREFIX_HEADER = "icloud-example-plist/icloud-example-plist-Prefix.pch";
				INFOPLIST_FILE = "icloud-example-plist/icloud-example-plist-Info.plist";
				PRODUCT_NAME = "$(TARGET_NAME)";
				WRAPPER_EXTENSION = app;
			};
			name = Debug;
		};
		CDAD2CF716BBC52E0081F229 /* Release */ = {
			isa = XCBuildConfiguration;
			buildSettings = {
				GCC_PRECOMPILE_PREFIX_HEADER = YES;
				GCC_PREFIX_HEADER = "icloud-example-plist/icloud-example-plist-Prefix.pch";
				INFOPLIST_FILE = "icloud-example-plist/icloud-example-plist-Info.plist";
				PRODUCT_NAME = "$(TARGET_NAME)";
				WRAPPER_EXTENSION = app;
			};
			name = Release;
		};
/* End XCBuildConfiguration section */

/* Begin XCConfigurationList section */
		CDAD2CCA16BBC52D0081F229 /* Build configuration list for PBXProject "icloud-example-plist" */ = {
			isa = XCConfigurationList;
			buildConfigurations = (
				CDAD2CF316BBC52E0081F229 /* Debug */,
				CDAD2CF416BBC52E0081F229 /* Release */,
			);
			defaultConfigurationIsVisible = 0;
			defaultConfigurationName = Release;
		};
		CDAD2CF516BBC52E0081F229 /* Build configuration list for PBXNativeTarget "icloud-example-plist" */ = {
			isa = XCConfigurationList;
			buildConfigurations = (
				CDAD2CF616BBC52E0081F229 /* Debug */,
				CDAD2CF716BBC52E0081F229 /* Release */,
			);
			defaultConfigurationIsVisible = 0;
		};
/* End XCConfigurationList section */
	};
	rootObject = CDAD2CC716BBC52D0081F229 /* Project object */;
}
